
Microsoft Visual Studio Solution File, Format Version 12.00
# Visual Studio Version 17
VisualStudioVersion = 17.14.37216.2 d17.14
MinimumVisualStudioVersion = 10.0.40219.1
Project("{FAE04EC0-301F-11D3-BF4B-00C04F79EFBC}") = "OutpatientClinicsComplex", "OutpatientClinicsComplex\OutpatientClinicsComplex.csproj", "{237C494B-06E5-E705-9DE1-832C76227965}"
EndProject
Global
	GlobalSection(SolutionConfigurationPlatforms) = preSolution
		Debug|Any CPU = Debug|Any CPU
		Release|Any CPU = Release|Any CPU
	EndGlobalSection
	GlobalSection(ProjectConfigurationPlatforms) = postSolution
		{237C494B-06E5-E705-9DE1-832C76227965}.Debug|Any CPU.ActiveCfg = Debug|Any CPU
		{237C494B-06E5-E705-9DE1-832C76227965}.Debug|Any CPU.Build.0 = Debug|Any CPU
		{237C494B-06E5-E705-9DE1-832C76227965}.Release|Any CPU.ActiveCfg = Release|Any CPU
		{237C494B-06E5-E705-9DE1-832C76227965}.Release|Any CPU.Build.0 = Release|Any CPU
	EndGlobalSection
	GlobalSection(SolutionProperties) = preSolution
		HideSolutionNode = FALSE
	EndGlobalSection
	GlobalSection(ExtensibilityGlobals) = postSolution
		SolutionGuid = {E834945E-02F4-4DDE-806F-825C17AEC611}
	EndGlobalSection
EndGlobal
